// !$*UTF8*$!
{
	archiveVersion = 1;
	classes = {
	};
	objectVersion = 50;
	objects = {

/* Begin PBXBuildFile section */
		BCD86DED263525EF00F3614D /* AppDelegate.swift in Sources */ = {isa = PBXBuildFile; fileRef = BCD86DEC263525EF00F3614D /* AppDelegate.swift */; };
		BCD86DEF263525EF00F3614D /* SceneDelegate.swift in Sources */ = {isa = PBXBuildFile; fileRef = BCD86DEE263525EF00F3614D /* SceneDelegate.swift */; };
		BCD86DF4263525EF00F3614D /* Main.storyboard in Resources */ = {isa = PBXBuildFile; fileRef = BCD86DF2263525EF00F3614D /* Main.storyboard */; };
		BCD86DF6263525F000F3614D /* Assets.xcassets in Resources */ = {isa = PBXBuildFile; fileRef = BCD86DF5263525F000F3614D /* Assets.xcassets */; };
		BCD86DF9263525F000F3614D /* LaunchScreen.storyboard in Resources */ = {isa = PBXBuildFile; fileRef = BCD86DF7263525F000F3614D /* LaunchScreen.storyboard */; };
		BCD86E022635368200F3614D /* playerListController.swift in Sources */ = {isa = PBXBuildFile; fileRef = BCD86E012635368200F3614D /* playerListController.swift */; };
		BCD86E052635434700F3614D /* playerVO.swift in Sources */ = {isa = PBXBuildFile; fileRef = BCD86E042635434700F3614D /* playerVO.swift */; };
		BCD86E092635479A00F3614D /* heo.png in Resources */ = {isa = PBXBuildFile; fileRef = BCD86E082635479A00F3614D /* heo.png */; };
		BCD86E0C2635486100F3614D /* park.png in Resources */ = {isa = PBXBuildFile; fileRef = BCD86E0B2635486100F3614D /* park.png */; };
		BCD86E0F2635488900F3614D /* jung.png in Resources */ = {isa = PBXBuildFile; fileRef = BCD86E0E2635488900F3614D /* jung.png */; };
		BCD86E1326357AB800F3614D /* customPlayer.swift in Sources */ = {isa = PBXBuildFile; fileRef = BCD86E1226357AB800F3614D /* customPlayer.swift */; };
/* End PBXBuildFile section */

/* Begin PBXFileReference section */
		BCD86DE9263525EF00F3614D /* TableViewController_practice.app */ = {isa = PBXFileReference; explicitFileType = wrapper.application; includeInIndex = 0; path = TableViewController_practice.app; sourceTree = BUILT_PRODUCTS_DIR; };
		BCD86DEC263525EF00F3614D /* AppDelegate.swift */ = {isa = PBXFileReference; lastKnownFileType = sourcecode.swift; path = AppDelegate.swift; sourceTree = "<group>"; };
		BCD86DEE263525EF00F3614D /* SceneDelegate.swift */ = {isa = PBXFileReference; lastKnownFileType = sourcecode.swift; path = SceneDelegate.swift; sourceTree = "<group>"; };
		BCD86DF3263525EF00F3614D /* Base */ = {isa = PBXFileReference; lastKnownFileType = file.storyboard; name = Base; path = Base.lproj/Main.storyboard; sourceTree = "<group>"; };
		BCD86DF5263525F000F3614D /* Assets.xcassets */ = {isa = PBXFileReference; lastKnownFileType = folder.assetcatalog; path = Assets.xcassets; sourceTree = "<group>"; };
		BCD86DF8263525F000F3614D /* Base */ = {isa = PBXFileReference; lastKnownFileType = file.storyboard; name = Base; path = Base.lproj/LaunchScreen.storyboard; sourceTree = "<group>"; };
		BCD86DFA263525F000F3614D /* Info.plist */ = {isa = PBXFileReference; lastKnownFileType = text.plist.xml; path = Info.plist; sourceTree = "<group>"; };
		BCD86E012635368200F3614D /* playerListController.swift */ = {isa = PBXFileReference; lastKnownFileType = sourcecode.swift; path = playerListController.swift; sourceTree = "<group>"; };
		BCD86E042635434700F3614D /* playerVO.swift */ = {isa = PBXFileReference; lastKnownFileType = sourcecode.swift; path = playerVO.swift; sourceTree = "<group>"; };
		BCD86E082635479A00F3614D /* heo.png */ = {isa = PBXFileReference; lastKnownFileType = image.png; path = heo.png; sourceTree = "<group>"; };
		BCD86E0B2635486100F3614D /* park.png */ = {isa = PBXFileReference; lastKnownFileType = image.png; path = park.png; sourceTree = "<group>"; };
		BCD86E0E2635488900F3614D /* jung.png */ = {isa = PBXFileReference; lastKnownFileType = image.png; path = jung.png; sourceTree = "<group>"; };
		BCD86E1226357AB800F3614D /* customPlayer.swift */ = {isa = PBXFileReference; lastKnownFileType = sourcecode.swift; path = customPlayer.swift; sourceTree = "<group>"; };
/* End PBXFileReference section */

/* Begin PBXFrameworksBuildPhase section */
		BCD86DE6263525EF00F3614D /* Frameworks */ = {
			isa = PBXFrameworksBuildPhase;
			buildActionMask = 2147483647;
			files = (
			);
			runOnlyForDeploymentPostprocessing = 0;
		};
/* End PBXFrameworksBuildPhase section */

/* Begin PBXGroup section */
		BCD86DE0263525EF00F3614D = {
			isa = PBXGroup;
			children = (
				BCD86E072635475300F3614D /* image */,
				BCD86DEB263525EF00F3614D /* TableViewController_practice */,
				BCD86DEA263525EF00F3614D /* Products */,
			);
			sourceTree = "<group>";
		};
		BCD86DEA263525EF00F3614D /* Products */ = {
			isa = PBXGroup;
			children = (
				BCD86DE9263525EF00F3614D /* TableViewController_practice.app */,
			);
			name = Products;
			sourceTree = "<group>";
		};
		BCD86DEB263525EF00F3614D /* TableViewController_practice */ = {
			isa = PBXGroup;
			children = (
				BCD86DEC263525EF00F3614D /* AppDelegate.swift */,
				BCD86E1226357AB800F3614D /* customPlayer.swift */,
				BCD86DEE263525EF00F3614D /* SceneDelegate.swift */,
				BCD86DF2263525EF00F3614D /* Main.storyboard */,
				BCD86E042635434700F3614D /* playerVO.swift */,
				BCD86E012635368200F3614D /* playerListController.swift */,
				BCD86DF5263525F000F3614D /* Assets.xcassets */,
				BCD86DF7263525F000F3614D /* LaunchScreen.storyboard */,
				BCD86DFA263525F000F3614D /* Info.plist */,
			);
			path = TableViewController_practice;
			sourceTree = "<group>";
		};
		BCD86E072635475300F3614D /* image */ = {
			isa = PBXGroup;
			children = (
				BCD86E082635479A00F3614D /* heo.png */,
				BCD86E0E2635488900F3614D /* jung.png */,
				BCD86E0B2635486100F3614D /* park.png */,
			);
			path = image;
			sourceTree = "<group>";
		};
/* End PBXGroup section */

/* Begin PBXNativeTarget section */
		BCD86DE8263525EF00F3614D /* TableViewController_practice */ = {
			isa = PBXNativeTarget;
			buildConfigurationList = BCD86DFD263525F000F3614D /* Build configuration list for PBXNativeTarget "TableViewController_practice" */;
			buildPhases = (
				BCD86DE5263525EF00F3614D /* Sources */,
				BCD86DE6263525EF00F3614D /* Frameworks */,
				BCD86DE7263525EF00F3614D /* Resources */,
			);
			buildRules = (
			);
			dependencies = (
			);
			name = TableViewController_practice;
			productName = TableViewController_practice;
			productReference = BCD86DE9263525EF00F3614D /* TableViewController_practice.app */;
			productType = "com.apple.product-type.application";
		};
/* End PBXNativeTarget section */

/* Begin PBXProject section */
		BCD86DE1263525EF00F3614D /* Project object */ = {
			isa = PBXProject;
			attributes = {
				LastSwiftUpdateCheck = 1240;
				LastUpgradeCheck = 1240;
				TargetAttributes = {
					BCD86DE8263525EF00F3614D = {
						CreatedOnToolsVersion = 12.4;
					};
				};
			};
			buildConfigurationList = BCD86DE4263525EF00F3614D /* Build configuration list for PBXProject "TableViewController_practice" */;
			compatibilityVersion = "Xcode 9.3";
			developmentRegion = en;
			hasScannedForEncodings = 0;
			knownRegions = (
				en,
				Base,
			);
			mainGroup = BCD86DE0263525EF00F3614D;
			productRefGroup = BCD86DEA263525EF00F3614D /* Products */;
			projectDirPath = "";
			projectRoot = "";
			targets = (
				BCD86DE8263525EF00F3614D /* TableViewController_practice */,
			);
		};
/* End PBXProject section */

/* Begin PBXResourcesBuildPhase section */
		BCD86DE7263525EF00F3614D /* Resources */ = {
			isa = PBXResourcesBuildPhase;
			buildActionMask = 2147483647;
			files = (
				BCD86DF9263525F000F3614D /* LaunchScreen.storyboard in Resources */,
				BCD86E0C2635486100F3614D /* park.png in Resources */,
				BCD86DF6263525F000F3614D /* Assets.xcassets in Resources */,
				BCD86E092635479A00F3614D /* heo.png in Resources */,
				BCD86DF4263525EF00F3614D /* Main.storyboard in Resources */,
				BCD86E0F2635488900F3614D /* jung.png in Resources */,
			);
			runOnlyForDeploymentPostprocessing = 0;
		};
/* End PBXResourcesBuildPhase section */

/* Begin PBXSourcesBuildPhase section */
		BCD86DE5263525EF00F3614D /* Sources */ = {
			isa = PBXSourcesBuildPhase;
			buildActionMask = 2147483647;
			files = (
				BCD86E1326357AB800F3614D /* customPlayer.swift in Sources */,
				BCD86DED263525EF00F3614D /* AppDelegate.swift in Sources */,
				BCD86E022635368200F3614D /* playerListController.swift in Sources */,
				BCD86DEF263525EF00F3614D /* SceneDelegate.swift in Sources */,
				BCD86E052635434700F3614D /* playerVO.swift in Sources */,
			);
			runOnlyForDeploymentPostprocessing = 0;
		};
/* End PBXSourcesBuildPhase section */

/* Begin PBXVariantGroup section */
		BCD86DF2263525EF00F3614D /* Main.storyboard */ = {
			isa = PBXVariantGroup;
			children = (
				BCD86DF3263525EF00F3614D /* Base */,
			);
			name = Main.storyboard;
			sourceTree = "<group>";
		};
		BCD86DF7263525F000F3614D /* LaunchScreen.storyboard */ = {
			isa = PBXVariantGroup;
			children = (
				BCD86DF8263525F000F3614D /* Base */,
			);
			name = LaunchScreen.storyboard;
			sourceTree = "<group>";
		};
/* End PBXVariantGroup section */

/* Begin XCBuildConfiguration section */
		BCD86DFB263525F000F3614D /* Debug */ = {
			isa = XCBuildConfiguration;
			buildSettings = {
				ALWAYS_SEARCH_USER_PATHS = NO;
				CLANG_ANALYZER_NONNULL = YES;
				CLANG_ANALYZER_NUMBER_OBJECT_CONVERSION = YES_AGGRESSIVE;
				CLANG_CXX_LANGUAGE_STANDARD = "gnu++14";
				CLANG_CXX_LIBRARY = "libc++";
				CLANG_ENABLE_MODULES = YES;
				CLANG_ENABLE_OBJC_ARC = YES;
				CLANG_ENABLE_OBJC_WEAK = YES;
				CLANG_WARN_BLOCK_CAPTURE_AUTORELEASING = YES;
				CLANG_WARN_BOOL_CONVERSION = YES;
				CLANG_WARN_COMMA = YES;
				CLANG_WARN_CONSTANT_CONVERSION = YES;
				CLANG_WARN_DEPRECATED_OBJC_IMPLEMENTATIONS = YES;
				CLANG_WARN_DIRECT_OBJC_ISA_USAGE = YES_ERROR;
				CLANG_WARN_DOCUMENTATION_COMMENTS = YES;
				CLANG_WARN_EMPTY_BODY = YES;
				CLANG_WARN_ENUM_CONVERSION = YES;
				CLANG_WARN_INFINITE_RECURSION = YES;
				CLANG_WARN_INT_CONVERSION = YES;
				CLANG_WARN_NON_LITERAL_NULL_CONVERSION = YES;
				CLANG_WARN_OBJC_IMPLICIT_RETAIN_SELF = YES;
				CLANG_WARN_OBJC_LITERAL_CONVERSION = YES;
				CLANG_WARN_OBJC_ROOT_CLASS = YES_ERROR;
				CLANG_WARN_QUOTED_INCLUDE_IN_FRAMEWORK_HEADER = YES;
				CLANG_WARN_RANGE_LOOP_ANALYSIS = YES;
				CLANG_WARN_STRICT_PROTOTYPES = YES;
				CLANG_WARN_SUSPICIOUS_MOVE = YES;
				CLANG_WARN_UNGUARDED_AVAILABILITY = YES_AGGRESSIVE;
				CLANG_WARN_UNREACHABLE_CODE = YES;
				CLANG_WARN__DUPLICATE_METHOD_MATCH = YES;
				COPY_PHASE_STRIP = NO;
				DEBUG_INFORMATION_FORMAT = dwarf;
				ENABLE_STRICT_OBJC_MSGSEND = YES;
				ENABLE_TESTABILITY = YES;
				GCC_C_LANGUAGE_STANDARD = gnu11;
				GCC_DYNAMIC_NO_PIC = NO;
				GCC_NO_COMMON_BLOCKS = YES;
				GCC_OPTIMIZATION_LEVEL = 0;
				GCC_PREPROCESSOR_DEFINITIONS = (
					"DEBUG=1",
					"$(inherited)",
				);
				GCC_WARN_64_TO_32_BIT_CONVERSION = YES;
				GCC_WARN_ABOUT_RETURN_TYPE = YES_ERROR;
				GCC_WARN_UNDECLARED_SELECTOR = YES;
				GCC_WARN_UNINITIALIZED_AUTOS = YES_AGGRESSIVE;
				GCC_WARN_UNUSED_FUNCTION = YES;
				GCC_WARN_UNUSED_VARIABLE = YES;
				IPHONEOS_DEPLOYMENT_TARGET = 14.4;
				MTL_ENABLE_DEBUG_INFO = INCLUDE_SOURCE;
				MTL_FAST_MATH = YES;
				ONLY_ACTIVE_ARCH = YES;
				SDKROOT = iphoneos;
				SWIFT_ACTIVE_COMPILATION_CONDITIONS = DEBUG;
				SWIFT_OPTIMIZATION_LEVEL = "-Onone";
			};
			name = Debug;
		};
		BCD86DFC263525F000F3614D /* Release */ = {
			isa = XCBuildConfiguration;
			buildSettings = {
				ALWAYS_SEARCH_USER_PATHS = NO;
				CLANG_ANALYZER_NONNULL = YES;
				CLANG_ANALYZER_NUMBER_OBJECT_CONVERSION = YES_AGGRESSIVE;
				CLANG_CXX_LANGUAGE_STANDARD = "gnu++14";
				CLANG_CXX_LIBRARY = "libc++";
				CLANG_ENABLE_MODULES = YES;
				CLANG_ENABLE_OBJC_ARC = YES;
				CLANG_ENABLE_OBJC_WEAK = YES;
				CLANG_WARN_BLOCK_CAPTURE_AUTORELEASING = YES;
				CLANG_WARN_BOOL_CONVERSION = YES;
				CLANG_WARN_COMMA = YES;
				CLANG_WARN_CONSTANT_CONVERSION = YES;
				CLANG_WARN_DEPRECATED_OBJC_IMPLEMENTATIONS = YES;
				CLANG_WARN_DIRECT_OBJC_ISA_USAGE = YES_ERROR;
				CLANG_WARN_DOCUMENTATION_COMMENTS = YES;
				CLANG_WARN_EMPTY_BODY = YES;
				CLANG_WARN_ENUM_CONVERSION = YES;
				CLANG_WARN_INFINITE_RECURSION = YES;
				CLANG_WARN_INT_CONVERSION = YES;
				CLANG_WARN_NON_LITERAL_NULL_CONVERSION = YES;
				CLANG_WARN_OBJC_IMPLICIT_RETAIN_SELF = YES;
				CLANG_WARN_OBJC_LITERAL_CONVERSION = YES;
				CLANG_WARN_OBJC_ROOT_CLASS = YES_ERROR;
				CLANG_WARN_QUOTED_INCLUDE_IN_FRAMEWORK_HEADER = YES;
				CLANG_WARN_RANGE_LOOP_ANALYSIS = YES;
				CLANG_WARN_STRICT_PROTOTYPES = YES;
				CLANG_WARN_SUSPICIOUS_MOVE = YES;
				CLANG_WARN_UNGUARDED_AVAILABILITY = YES_AGGRESSIVE;
				CLANG_WARN_UNREACHABLE_CODE = YES;
				CLANG_WARN__DUPLICATE_METHOD_MATCH = YES;
				COPY_PHASE_STRIP = NO;
				DEBUG_INFORMATION_FORMAT = "dwarf-with-dsym";
				ENABLE_NS_ASSERTIONS = NO;
				ENABLE_STRICT_OBJC_MSGSEND = YES;
				GCC_C_LANGUAGE_STANDARD = gnu11;
				GCC_NO_COMMON_BLOCKS = YES;
				GCC_WARN_64_TO_32_BIT_CONVERSION = YES;
				GCC_WARN_ABOUT_RETURN_TYPE = YES_ERROR;
				GCC_WARN_UNDECLARED_SELECTOR = YES;
				GCC_WARN_UNINITIALIZED_AUTOS = YES_AGGRESSIVE;
				GCC_WARN_UNUSED_FUNCTION = YES;
				GCC_WARN_UNUSED_VARIABLE = YES;
				IPHONEOS_DEPLOYMENT_TARGET = 14.4;
				MTL_ENABLE_DEBUG_INFO = NO;
				MTL_FAST_MATH = YES;
				SDKROOT = iphoneos;
				SWIFT_COMPILATION_MODE = wholemodule;
				SWIFT_OPTIMIZATION_LEVEL = "-O";
				VALIDATE_PRODUCT = YES;
			};
			name = Release;
		};
		BCD86DFE263525F000F3614D /* Debug */ = {
			isa = XCBuildConfiguration;
			buildSettings = {
				ASSETCATALOG_COMPILER_APPICON_NAME = AppIcon;
				ASSETCATALOG_COMPILER_GLOBAL_ACCENT_COLOR_NAME = AccentColor;
				CODE_SIGN_STYLE = Automatic;
				INFOPLIST_FILE = TableViewController_practice/Info.plist;
				LD_RUNPATH_SEARCH_PATHS = (
					"$(inherited)",
					"@executable_path/Frameworks",
				);
				PRODUCT_BUNDLE_IDENTIFIER = "byeong.TableViewController-practice";
				PRODUCT_NAME = "$(TARGET_NAME)";
				SWIFT_VERSION = 5.0;
				TARGETED_DEVICE_FAMILY = "1,2";
			};
			name = Debug;
		};
		BCD86DFF263525F000F3614D /* Release */ = {
			isa = XCBuildConfiguration;
			buildSettings = {
				ASSETCATALOG_COMPILER_APPICON_NAME = AppIcon;
				ASSETCATALOG_COMPILER_GLOBAL_ACCENT_COLOR_NAME = AccentColor;
				CODE_SIGN_STYLE = Automatic;
				INFOPLIST_FILE = TableViewController_practice/Info.plist;
				LD_RUNPATH_SEARCH_PATHS = (
					"$(inherited)",
					"@executable_path/Frameworks",
				);
				PRODUCT_BUNDLE_IDENTIFIER = "byeong.TableViewController-practice";
				PRODUCT_NAME = "$(TARGET_NAME)";
				SWIFT_VERSION = 5.0;
				TARGETED_DEVICE_FAMILY = "1,2";
			};
			name = Release;
		};
/* End XCBuildConfiguration section */

/* Begin XCConfigurationList section */
		BCD86DE4263525EF00F3614D /* Build configuration list for PBXProject "TableViewController_practice" */ = {
			isa = XCConfigurationList;
			buildConfigurations = (
				BCD86DFB263525F000F3614D /* Debug */,
				BCD86DFC263525F000F3614D /* Release */,
			);
			defaultConfigurationIsVisible = 0;
			defaultConfigurationName = Release;
		};
		BCD86DFD263525F000F3614D /* Build configuration list for PBXNativeTarget "TableViewController_practice" */ = {
			isa = XCConfigurationList;
			buildConfigurations = (
				BCD86DFE263525F000F3614D /* Debug */,
				BCD86DFF263525F000F3614D /* Release */,
			);
			defaultConfigurationIsVisible = 0;
			defaultConfigurationName = Release;
		};
/* End XCConfigurationList section */
	};
	rootObject = BCD86DE1263525EF00F3614D /* Project object */;
}
